
Microsoft Visual Studio Solution File, Format Version 12.00
# Visual Studio Version 17
VisualStudioVersion = 17.10.35201.131
MinimumVisualStudioVersion = 10.0.40219.1
Project("{FAE04EC0-301F-11D3-BF4B-00C04F79EFBC}") = "GithubTest", "GithubTest\GithubTest.csproj", "{533D1190-9754-4B30-A5DD-31FC36F5A36E}"
EndProject
Global
	GlobalSection(SolutionConfigurationPlatforms) = preSolution
		Debug|Any CPU = Debug|Any CPU
		Release|Any CPU = Release|Any CPU
	EndGlobalSection
	GlobalSection(ProjectConfigurationPlatforms) = postSolution
		{533D1190-9754-4B30-A5DD-31FC36F5A36E}.Debug|Any CPU.ActiveCfg = Debug|Any CPU
		{533D1190-9754-4B30-A5DD-31FC36F5A36E}.Debug|Any CPU.Build.0 = Debug|Any CPU
		{533D1190-9754-4B30-A5DD-31FC36F5A36E}.Release|Any CPU.ActiveCfg = Release|Any CPU
		{533D1190-9754-4B30-A5DD-31FC36F5A36E}.Release|Any CPU.Build.0 = Release|Any CPU
	EndGlobalSection
	GlobalSection(SolutionProperties) = preSolution
		HideSolutionNode = FALSE
	EndGlobalSection
	GlobalSection(ExtensibilityGlobals) = postSolution
		SolutionGuid = {3BFB52C9-1903-43C6-8D12-A3C9C31233D7}
	EndGlobalSection
EndGlobal
